
Microsoft Visual Studio Solution File, Format Version 12.00
# Visual Studio Version 17
VisualStudioVersion = 17.8.34525.116
MinimumVisualStudioVersion = 10.0.40219.1
Project("{FAE04EC0-301F-11D3-BF4B-00C04F79EFBC}") = "InterfazDeTeclado", "InterfazDeTeclado\InterfazDeTeclado.csproj", "{FEE14F72-1BEE-4C11-9349-3A4A85888CF1}"
EndProject
Global
	GlobalSection(SolutionConfigurationPlatforms) = preSolution
		Debug|Any CPU = Debug|Any CPU
		Release|Any CPU = Release|Any CPU
	EndGlobalSection
	GlobalSection(ProjectConfigurationPlatforms) = postSolution
		{FEE14F72-1BEE-4C11-9349-3A4A85888CF1}.Debug|Any CPU.ActiveCfg = Debug|Any CPU
		{FEE14F72-1BEE-4C11-9349-3A4A85888CF1}.Debug|Any CPU.Build.0 = Debug|Any CPU
		{FEE14F72-1BEE-4C11-9349-3A4A85888CF1}.Release|Any CPU.ActiveCfg = Release|Any CPU
		{FEE14F72-1BEE-4C11-9349-3A4A85888CF1}.Release|Any CPU.Build.0 = Release|Any CPU
	EndGlobalSection
	GlobalSection(SolutionProperties) = preSolution
		HideSolutionNode = FALSE
	EndGlobalSection
	GlobalSection(ExtensibilityGlobals) = postSolution
		SolutionGuid = {CE05D46A-51C7-44FB-9BFF-7BFA0E7661D9}
	EndGlobalSection
EndGlobal
